{
  "name": "hello-world",
  "version": "1.0.0",
  "lockfileVersion": 2,
  "requires": true,
  "packages": {
    "": {
      "name": "hello-world",
      "version": "1.0.0",
      "dependencies": {
        "@vitejs/plugin-vue": "^5.0.3",
        "axios": "^1.6.6",
        "vite": "^3.2.10",
        "vue": "^3.4.15",
        "vuex": "^4.1.0"
      }
    },
    "node_modules/@babel/parser": {
      "version": "7.24.4",
      "resolved": "https://registry.npmjs.org/@babel/parser/-/parser-7.24.4.tgz",
      "integrity": "sha512-zTvEBcghmeBma9QIGunWevvBAp4/Qu9Bdq+2k0Ot4fVMD6v3dsC9WOcRSKk7tRRyBM/53yKMJko9xOatGQAwSg==",
      "bin": {
        "parser": "bin/babel-parser.js"
      },
      "engines": {
        "node": ">=6.0.0"
      }
    },
    "node_modules/@esbuild/android-arm": {
      "version": "0.15.18",
      "resolved": "https://registry.npmjs.org/@esbuild/android-arm/-/android-arm-0.15.18.tgz",
      "integrity": "sha512-5GT+kcs2WVGjVs7+boataCkO5Fg0y4kCjzkB5bAip7H4jfnOS3dA6KPiww9W1OEKTKeAcUVhdZGvgI65OXmUnw==",
      "cpu": [
        "arm"
      ],
      "optional": true,
      "os": [
        "android"
      ],
      "engines": {
        "node": ">=12"
      }
    },
    "node_modules/@esbuild/linux-loong64": {
      "version": "0.15.18",
      "resolved": "https://registry.npmjs.org/@esbuild/linux-loong64/-/linux-loong64-0.15.18.tgz",
      "integrity": "sha512-L4jVKS82XVhw2nvzLg/19ClLWg0y27ulRwuP7lcyL6AbUWB5aPglXY3M21mauDQMDfRLs8cQmeT03r/+X3cZYQ==",
      "cpu": [
        "loong64"
      ],
      "optional": true,
      "os": [
        "linux"
      ],
      "engines": {
        "node": ">=12"
      }
    },
    "node_modules/@jridgewell/sourcemap-codec": {
      "version": "1.4.15",
      "resolved": "https://registry.npmjs.org/@jridgewell/sourcemap-codec/-/sourcemap-codec-1.4.15.tgz",
      "integrity": "sha512-eF2rxCRulEKXHTRiDrDy6erMYWqNw4LPdQ8UQA4huuxaQsVeRPFl2oM8oDGxMFhJUWZf9McpLtJasDDZb/Bpeg=="
    },
    "node_modules/@vitejs/plugin-vue": {
      "version": "5.0.4",
      "resolved": "https://registry.npmjs.org/@vitejs/plugin-vue/-/plugin-vue-5.0.4.tgz",
      "integrity": "sha512-WS3hevEszI6CEVEx28F8RjTX97k3KsrcY6kvTg7+Whm5y3oYvcqzVeGCU3hxSAn4uY2CLCkeokkGKpoctccilQ==",
      "engines": {
        "node": "^18.0.0 || >=20.0.0"
      },
      "peerDependencies": {
        "vite": "^5.0.0",
        "vue": "^3.2.25"
      }
    },
    "node_modules/@vue/compiler-core": {
      "version": "3.4.21",
      "resolved": "https://registry.npmjs.org/@vue/compiler-core/-/compiler-core-3.4.21.tgz",
      "integrity": "sha512-MjXawxZf2SbZszLPYxaFCjxfibYrzr3eYbKxwpLR9EQN+oaziSu3qKVbwBERj1IFIB8OLUewxB5m/BFzi613og==",
      "dependencies": {
        "@babel/parser": "^7.23.9",
        "@vue/shared": "3.4.21",
        "entities": "^4.5.0",
        "estree-walker": "^2.0.2",
        "source-map-js": "^1.0.2"
      }
    },
    "node_modules/@vue/compiler-dom": {
      "version": "3.4.21",
      "resolved": "https://registry.npmjs.org/@vue/compiler-dom/-/compiler-dom-3.4.21.tgz",
      "integrity": "sha512-IZC6FKowtT1sl0CR5DpXSiEB5ayw75oT2bma1BEhV7RRR1+cfwLrxc2Z8Zq/RGFzJ8w5r9QtCOvTjQgdn0IKmA==",
      "dependencies": {
        "@vue/compiler-core": "3.4.21",
        "@vue/shared": "3.4.21"
      }
    },
    "node_modules/@vue/compiler-sfc": {
      "version": "3.4.21",
      "resolved": "https://registry.npmjs.org/@vue/compiler-sfc/-/compiler-sfc-3.4.21.tgz",
      "integrity": "sha512-me7epoTxYlY+2CUM7hy9PCDdpMPfIwrOvAXud2Upk10g4YLv9UBW7kL798TvMeDhPthkZ0CONNrK2GoeI1ODiQ==",
      "dependencies": {
        "@babel/parser": "^7.23.9",
        "@vue/compiler-core": "3.4.21",
        "@vue/compiler-dom": "3.4.21",
        "@vue/compiler-ssr": "3.4.21",
        "@vue/shared": "3.4.21",
        "estree-walker": "^2.0.2",
        "magic-string": "^0.30.7",
        "postcss": "^8.4.35",
        "source-map-js": "^1.0.2"
      }
    },
    "node_modules/@vue/compiler-ssr": {
      "version": "3.4.21",
      "resolved": "https://registry.npmjs.org/@vue/compiler-ssr/-/compiler-ssr-3.4.21.tgz",
      "integrity": "sha512-M5+9nI2lPpAsgXOGQobnIueVqc9sisBFexh5yMIMRAPYLa7+5wEJs8iqOZc1WAa9WQbx9GR2twgznU8LTIiZ4Q==",
      "dependencies": {
        "@vue/compiler-dom": "3.4.21",
        "@vue/shared": "3.4.21"
      }
    },
    "node_modules/@vue/devtools-api": {
      "version": "6.2.1",
      "resolved": "https://registry.npmjs.org/@vue/devtools-api/-/devtools-api-6.2.1.tgz",
      "integrity": "sha512-OEgAMeQXvCoJ+1x8WyQuVZzFo0wcyCmUR3baRVLmKBo1LmYZWMlRiXlux5jd0fqVJu6PfDbOrZItVqUEzLobeQ=="
    },
    "node_modules/@vue/reactivity": {
      "version": "3.4.21",
      "resolved": "https://registry.npmjs.org/@vue/reactivity/-/reactivity-3.4.21.tgz",
      "integrity": "sha512-UhenImdc0L0/4ahGCyEzc/pZNwVgcglGy9HVzJ1Bq2Mm9qXOpP8RyNTjookw/gOCUlXSEtuZ2fUg5nrHcoqJcw==",
      "dependencies": {
        "@vue/shared": "3.4.21"
      }
    },
    "node_modules/@vue/runtime-core": {
      "version": "3.4.21",
      "resolved": "https://registry.npmjs.org/@vue/runtime-core/-/runtime-core-3.4.21.tgz",
      "integrity": "sha512-pQthsuYzE1XcGZznTKn73G0s14eCJcjaLvp3/DKeYWoFacD9glJoqlNBxt3W2c5S40t6CCcpPf+jG01N3ULyrA==",
      "dependencies": {
        "@vue/reactivity": "3.4.21",
        "@vue/shared": "3.4.21"
      }
    },
    "node_modules/@vue/runtime-dom": {
      "version": "3.4.21",
      "resolved": "https://registry.npmjs.org/@vue/runtime-dom/-/runtime-dom-3.4.21.tgz",
      "integrity": "sha512-gvf+C9cFpevsQxbkRBS1NpU8CqxKw0ebqMvLwcGQrNpx6gqRDodqKqA+A2VZZpQ9RpK2f9yfg8VbW/EpdFUOJw==",
      "dependencies": {
        "@vue/runtime-core": "3.4.21",
        "@vue/shared": "3.4.21",
        "csstype": "^3.1.3"
      }
    },
    "node_modules/@vue/server-renderer": {
      "version": "3.4.21",
      "resolved": "https://registry.npmjs.org/@vue/server-renderer/-/server-renderer-3.4.21.tgz",
      "integrity": "sha512-aV1gXyKSN6Rz+6kZ6kr5+Ll14YzmIbeuWe7ryJl5muJ4uwSwY/aStXTixx76TwkZFJLm1aAlA/HSWEJ4EyiMkg==",
      "dependencies": {
        "@vue/compiler-ssr": "3.4.21",
        "@vue/shared": "3.4.21"
      },
      "peerDependencies": {
        "vue": "3.4.21"
      }
    },
    "node_modules/@vue/shared": {
      "version": "3.4.21",
      "resolved": "https://registry.npmjs.org/@vue/shared/-/shared-3.4.21.tgz",
      "integrity": "sha512-PuJe7vDIi6VYSinuEbUIQgMIRZGgM8e4R+G+/dQTk0X1NEdvgvvgv7m+rfmDH1gZzyA1OjjoWskvHlfRNfQf3g=="
    },
    "node_modules/asynckit": {
      "version": "0.4.0",
      "resolved": "https://registry.npmjs.org/asynckit/-/asynckit-0.4.0.tgz",
      "integrity": "sha512-Oei9OH4tRh0YqU3GxhX79dM/mwVgvbZJaSNaRk+bshkj0S5cfHcgYakreBjrHwatXKbz+IoIdYLxrKim2MjW0Q=="
    },
    "node_modules/axios": {
      "version": "1.6.8",
      "resolved": "https://registry.npmjs.org/axios/-/axios-1.6.8.tgz",
      "integrity": "sha512-v/ZHtJDU39mDpyBoFVkETcd/uNdxrWRrg3bKpOKzXFA6Bvqopts6ALSMU3y6ijYxbw2B+wPrIv46egTzJXCLGQ==",
      "dependencies": {
        "follow-redirects": "^1.15.6",
        "form-data": "^4.0.0",
        "proxy-from-env": "^1.1.0"
      }
    },
    "node_modules/combined-stream": {
      "version": "1.0.8",
      "resolved": "https://registry.npmjs.org/combined-stream/-/combined-stream-1.0.8.tgz",
      "integrity": "sha512-FQN4MRfuJeHf7cBbBMJFXhKSDq+2kAArBlmRBvcvFE5BB1HZKXtSFASDhdlz9zOYwxh8lDdnvmMOe/+5cdoEdg==",
      "dependencies": {
        "delayed-stream": "~1.0.0"
      },
      "engines": {
        "node": ">= 0.8"
      }
    },
    "node_modules/csstype": {
      "version": "3.1.3",
      "resolved": "https://registry.npmjs.org/csstype/-/csstype-3.1.3.tgz",
      "integrity": "sha512-M1uQkMl8rQK/szD0LNhtqxIPLpimGm8sOBwU7lLnCpSbTyY3yeU1Vc7l4KT5zT4s/yOxHH5O7tIuuLOCnLADRw=="
    },
    "node_modules/delayed-stream": {
      "version": "1.0.0",
      "resolved": "https://registry.npmjs.org/delayed-stream/-/delayed-stream-1.0.0.tgz",
      "integrity": "sha512-ZySD7Nf91aLB0RxL4KGrKHBXl7Eds1DAmEdcoVawXnLD7SDhpNgtuII2aAkg7a7QS41jxPSZ17p4VdGnMHk3MQ==",
      "engines": {
        "node": ">=0.4.0"
      }
    },
    "node_modules/entities": {
      "version": "4.5.0",
      "resolved": "https://registry.npmjs.org/entities/-/entities-4.5.0.tgz",
      "integrity": "sha512-V0hjH4dGPh9Ao5p0MoRY6BVqtwCjhz6vI5LT8AJ55H+4g9/4vbHx1I54fS0XuclLhDHArPQCiMjDxjaL8fPxhw==",
      "engines": {
        "node": ">=0.12"
      },
      "funding": {
        "url": "https://github.com/fb55/entities?sponsor=1"
      }
    },
    "node_modules/esbuild": {
      "version": "0.15.18",
      "resolved": "https://registry.npmjs.org/esbuild/-/esbuild-0.15.18.tgz",
      "integrity": "sha512-x/R72SmW3sSFRm5zrrIjAhCeQSAWoni3CmHEqfQrZIQTM3lVCdehdwuIqaOtfC2slvpdlLa62GYoN8SxT23m6Q==",
      "hasInstallScript": true,
      "bin": {
        "esbuild": "bin/esbuild"
      },
      "engines": {
        "node": ">=12"
      },
      "optionalDependencies": {
        "@esbuild/android-arm": "0.15.18",
        "@esbuild/linux-loong64": "0.15.18",
        "esbuild-android-64": "0.15.18",
        "esbuild-android-arm64": "0.15.18",
        "esbuild-darwin-64": "0.15.18",
        "esbuild-darwin-arm64": "0.15.18",
        "esbuild-freebsd-64": "0.15.18",
        "esbuild-freebsd-arm64": "0.15.18",
        "esbuild-linux-32": "0.15.18",
        "esbuild-linux-64": "0.15.18",
        "esbuild-linux-arm": "0.15.18",
        "esbuild-linux-arm64": "0.15.18",
        "esbuild-linux-mips64le": "0.15.18",
        "esbuild-linux-ppc64le": "0.15.18",
        "esbuild-linux-riscv64": "0.15.18",
        "esbuild-linux-s390x": "0.15.18",
        "esbuild-netbsd-64": "0.15.18",
        "esbuild-openbsd-64": "0.15.18",
        "esbuild-sunos-64": "0.15.18",
        "esbuild-windows-32": "0.15.18",
        "esbuild-windows-64": "0.15.18",
        "esbuild-windows-arm64": "0.15.18"
      }
    },
    "node_modules/esbuild-android-64": {
      "version": "0.15.18",
      "resolved": "https://registry.npmjs.org/esbuild-android-64/-/esbuild-android-64-0.15.18.tgz",
      "integrity": "sha512-wnpt3OXRhcjfIDSZu9bnzT4/TNTDsOUvip0foZOUBG7QbSt//w3QV4FInVJxNhKc/ErhUxc5z4QjHtMi7/TbgA==",
      "cpu": [
        "x64"
      ],
      "optional": true,
      "os": [
        "android"
      ],
      "engines": {
        "node": ">=12"
      }
    },
    "node_modules/esbuild-android-arm64": {
      "version": "0.15.18",
      "resolved": "https://registry.npmjs.org/esbuild-android-arm64/-/esbuild-android-arm64-0.15.18.tgz",
      "integrity": "sha512-G4xu89B8FCzav9XU8EjsXacCKSG2FT7wW9J6hOc18soEHJdtWu03L3TQDGf0geNxfLTtxENKBzMSq9LlbjS8OQ==",
      "cpu": [
        "arm64"
      ],
      "optional": true,
      "os": [
        "android"
      ],
      "engines": {
        "node": ">=12"
      }
    },
    "node_modules/esbuild-darwin-64": {
      "version": "0.15.18",
      "resolved": "https://registry.npmjs.org/esbuild-darwin-64/-/esbuild-darwin-64-0.15.18.tgz",
      "integrity": "sha512-2WAvs95uPnVJPuYKP0Eqx+Dl/jaYseZEUUT1sjg97TJa4oBtbAKnPnl3b5M9l51/nbx7+QAEtuummJZW0sBEmg==",
      "cpu": [
        "x64"
      ],
      "optional": true,
      "os": [
        "darwin"
      ],
      "engines": {
        "node": ">=12"
      }
    },
    "node_modules/esbuild-darwin-arm64": {
      "version": "0.15.18",
      "resolved": "https://registry.npmjs.org/esbuild-darwin-arm64/-/esbuild-darwin-arm64-0.15.18.tgz",
      "integrity": "sha512-tKPSxcTJ5OmNb1btVikATJ8NftlyNlc8BVNtyT/UAr62JFOhwHlnoPrhYWz09akBLHI9nElFVfWSTSRsrZiDUA==",
      "cpu": [
        "arm64"
      ],
      "optional": true,
      "os": [
        "darwin"
      ],
      "engines": {
        "node": ">=12"
      }
    },
    "node_modules/esbuild-freebsd-64": {
      "version": "0.15.18",
      "resolved": "https://registry.npmjs.org/esbuild-freebsd-64/-/esbuild-freebsd-64-0.15.18.tgz",
      "integrity": "sha512-TT3uBUxkteAjR1QbsmvSsjpKjOX6UkCstr8nMr+q7zi3NuZ1oIpa8U41Y8I8dJH2fJgdC3Dj3CXO5biLQpfdZA==",
      "cpu": [
        "x64"
      ],
      "optional": true,
      "os": [
        "freebsd"
      ],
      "engines": {
        "node": ">=12"
      }
    },
    "node_modules/esbuild-freebsd-arm64": {
      "version": "0.15.18",
      "resolved": "https://registry.npmjs.org/esbuild-freebsd-arm64/-/esbuild-freebsd-arm64-0.15.18.tgz",
      "integrity": "sha512-R/oVr+X3Tkh+S0+tL41wRMbdWtpWB8hEAMsOXDumSSa6qJR89U0S/PpLXrGF7Wk/JykfpWNokERUpCeHDl47wA==",
      "cpu": [
        "arm64"
      ],
      "optional": true,
      "os": [
        "freebsd"
      ],
      "engines": {
        "node": ">=12"
      }
    },
    "node_modules/esbuild-linux-32": {
      "version": "0.15.18",
      "resolved": "https://registry.npmjs.org/esbuild-linux-32/-/esbuild-linux-32-0.15.18.tgz",
      "integrity": "sha512-lphF3HiCSYtaa9p1DtXndiQEeQDKPl9eN/XNoBf2amEghugNuqXNZA/ZovthNE2aa4EN43WroO0B85xVSjYkbg==",
      "cpu": [
        "ia32"
      ],
      "optional": true,
      "os": [
        "linux"
      ],
      "engines": {
        "node": ">=12"
      }
    },
    "node_modules/esbuild-linux-64": {
      "version": "0.15.18",
      "resolved": "https://registry.npmjs.org/esbuild-linux-64/-/esbuild-linux-64-0.15.18.tgz",
      "integrity": "sha512-hNSeP97IviD7oxLKFuii5sDPJ+QHeiFTFLoLm7NZQligur8poNOWGIgpQ7Qf8Balb69hptMZzyOBIPtY09GZYw==",
      "cpu": [
        "x64"
      ],
      "optional": true,
      "os": [
        "linux"
      ],
      "engines": {
        "node": ">=12"
      }
    },
    "node_modules/esbuild-linux-arm": {
      "version": "0.15.18",
      "resolved": "https://registry.npmjs.org/esbuild-linux-arm/-/esbuild-linux-arm-0.15.18.tgz",
      "integrity": "sha512-UH779gstRblS4aoS2qpMl3wjg7U0j+ygu3GjIeTonCcN79ZvpPee12Qun3vcdxX+37O5LFxz39XeW2I9bybMVA==",
      "cpu": [
        "arm"
      ],
      "optional": true,
      "os": [
        "linux"
      ],
      "engines": {
        "node": ">=12"
      }
    },
    "node_modules/esbuild-linux-arm64": {
      "version": "0.15.18",
      "resolved": "https://registry.npmjs.org/esbuild-linux-arm64/-/esbuild-linux-arm64-0.15.18.tgz",
      "integrity": "sha512-54qr8kg/6ilcxd+0V3h9rjT4qmjc0CccMVWrjOEM/pEcUzt8X62HfBSeZfT2ECpM7104mk4yfQXkosY8Quptug==",
      "cpu": [
        "arm64"
      ],
      "optional": true,
      "os": [
        "linux"
      ],
      "engines": {
        "node": ">=12"
      }
    },
    "node_modules/esbuild-linux-mips64le": {
      "version": "0.15.18",
      "resolved": "https://registry.npmjs.org/esbuild-linux-mips64le/-/esbuild-linux-mips64le-0.15.18.tgz",
      "integrity": "sha512-Mk6Ppwzzz3YbMl/ZZL2P0q1tnYqh/trYZ1VfNP47C31yT0K8t9s7Z077QrDA/guU60tGNp2GOwCQnp+DYv7bxQ==",
      "cpu": [
        "mips64el"
      ],
      "optional": true,
      "os": [
        "linux"
      ],
      "engines": {
        "node": ">=12"
      }
    },
    "node_modules/esbuild-linux-ppc64le": {
      "version": "0.15.18",
      "resolved": "https://registry.npmjs.org/esbuild-linux-ppc64le/-/esbuild-linux-ppc64le-0.15.18.tgz",
      "integrity": "sha512-b0XkN4pL9WUulPTa/VKHx2wLCgvIAbgwABGnKMY19WhKZPT+8BxhZdqz6EgkqCLld7X5qiCY2F/bfpUUlnFZ9w==",
      "cpu": [
        "ppc64"
      ],
      "optional": true,
      "os": [
        "linux"
      ],
      "engines": {
        "node": ">=12"
      }
    },
    "node_modules/esbuild-linux-riscv64": {
      "version": "0.15.18",
      "resolved": "https://registry.npmjs.org/esbuild-linux-riscv64/-/esbuild-linux-riscv64-0.15.18.tgz",
      "integrity": "sha512-ba2COaoF5wL6VLZWn04k+ACZjZ6NYniMSQStodFKH/Pu6RxzQqzsmjR1t9QC89VYJxBeyVPTaHuBMCejl3O/xg==",
      "cpu": [
        "riscv64"
      ],
      "optional": true,
      "os": [
        "linux"
      ],
      "engines": {
        "node": ">=12"
      }
    },
    "node_modules/esbuild-linux-s390x": {
      "version": "0.15.18",
      "resolved": "https://registry.npmjs.org/esbuild-linux-s390x/-/esbuild-linux-s390x-0.15.18.tgz",
      "integrity": "sha512-VbpGuXEl5FCs1wDVp93O8UIzl3ZrglgnSQ+Hu79g7hZu6te6/YHgVJxCM2SqfIila0J3k0csfnf8VD2W7u2kzQ==",
      "cpu": [
        "s390x"
      ],
      "optional": true,
      "os": [
        "linux"
      ],
      "engines": {
        "node": ">=12"
      }
    },
    "node_modules/esbuild-netbsd-64": {
      "version": "0.15.18",
      "resolved": "https://registry.npmjs.org/esbuild-netbsd-64/-/esbuild-netbsd-64-0.15.18.tgz",
      "integrity": "sha512-98ukeCdvdX7wr1vUYQzKo4kQ0N2p27H7I11maINv73fVEXt2kyh4K4m9f35U1K43Xc2QGXlzAw0K9yoU7JUjOg==",
      "cpu": [
        "x64"
      ],
      "optional": true,
      "os": [
        "netbsd"
      ],
      "engines": {
        "node": ">=12"
      }
    },
    "node_modules/esbuild-openbsd-64": {
      "version": "0.15.18",
      "resolved": "https://registry.npmjs.org/esbuild-openbsd-64/-/esbuild-openbsd-64-0.15.18.tgz",
      "integrity": "sha512-yK5NCcH31Uae076AyQAXeJzt/vxIo9+omZRKj1pauhk3ITuADzuOx5N2fdHrAKPxN+zH3w96uFKlY7yIn490xQ==",
      "cpu": [
        "x64"
      ],
      "optional": true,
      "os": [
        "openbsd"
      ],
      "engines": {
        "node": ">=12"
      }
    },
    "node_modules/esbuild-sunos-64": {
      "version": "0.15.18",
      "resolved": "https://registry.npmjs.org/esbuild-sunos-64/-/esbuild-sunos-64-0.15.18.tgz",
      "integrity": "sha512-On22LLFlBeLNj/YF3FT+cXcyKPEI263nflYlAhz5crxtp3yRG1Ugfr7ITyxmCmjm4vbN/dGrb/B7w7U8yJR9yw==",
      "cpu": [
        "x64"
      ],
      "optional": true,
      "os": [
        "sunos"
      ],
      "engines": {
        "node": ">=12"
      }
    },
    "node_modules/esbuild-windows-32": {
      "version": "0.15.18",
      "resolved": "https://registry.npmjs.org/esbuild-windows-32/-/esbuild-windows-32-0.15.18.tgz",
      "integrity": "sha512-o+eyLu2MjVny/nt+E0uPnBxYuJHBvho8vWsC2lV61A7wwTWC3jkN2w36jtA+yv1UgYkHRihPuQsL23hsCYGcOQ==",
      "cpu": [
        "ia32"
      ],
      "optional": true,
      "os": [
        "win32"
      ],
      "engines": {
        "node": ">=12"
      }
    },
    "node_modules/esbuild-windows-64": {
      "version": "0.15.18",
      "resolved": "https://registry.npmjs.org/esbuild-windows-64/-/esbuild-windows-64-0.15.18.tgz",
      "integrity": "sha512-qinug1iTTaIIrCorAUjR0fcBk24fjzEedFYhhispP8Oc7SFvs+XeW3YpAKiKp8dRpizl4YYAhxMjlftAMJiaUw==",
      "cpu": [
        "x64"
      ],
      "optional": true,
      "os": [
        "win32"
      ],
      "engines": {
        "node": ">=12"
      }
    },
    "node_modules/esbuild-windows-arm64": {
      "version": "0.15.18",
      "resolved": "https://registry.npmjs.org/esbuild-windows-arm64/-/esbuild-windows-arm64-0.15.18.tgz",
      "integrity": "sha512-q9bsYzegpZcLziq0zgUi5KqGVtfhjxGbnksaBFYmWLxeV/S1fK4OLdq2DFYnXcLMjlZw2L0jLsk1eGoB522WXQ==",
      "cpu": [
        "arm64"
      ],
      "optional": true,
      "os": [
        "win32"
      ],
      "engines": {
        "node": ">=12"
      }
    },
    "node_modules/estree-walker": {
      "version": "2.0.2",
      "resolved": "https://registry.npmjs.org/estree-walker/-/estree-walker-2.0.2.tgz",
      "integrity": "sha512-Rfkk/Mp/DL7JVje3u18FxFujQlTNR2q6QfMSMB7AvCBx91NGj/ba3kCfza0f6dVDbw7YlRf/nDrn7pQrCCyQ/w=="
    },
    "node_modules/follow-redirects": {
      "version": "1.15.6",
      "resolved": "https://registry.npmjs.org/follow-redirects/-/follow-redirects-1.15.6.tgz",
      "integrity": "sha512-wWN62YITEaOpSK584EZXJafH1AGpO8RVgElfkuXbTOrPX4fIfOyEpW/CsiNd8JdYrAoOvafRTOEnvsO++qCqFA==",
      "funding": [
        {
          "type": "individual",
          "url": "https://github.com/sponsors/RubenVerborgh"
        }
      ],
      "engines": {
        "node": ">=4.0"
      },
      "peerDependenciesMeta": {
        "debug": {
          "optional": true
        }
      }
    },
    "node_modules/form-data": {
      "version": "4.0.0",
      "resolved": "https://registry.npmjs.org/form-data/-/form-data-4.0.0.tgz",
      "integrity": "sha512-ETEklSGi5t0QMZuiXoA/Q6vcnxcLQP5vdugSpuAyi6SVGi2clPPp+xgEhuMaHC+zGgn31Kd235W35f7Hykkaww==",
      "dependencies": {
        "asynckit": "^0.4.0",
        "combined-stream": "^1.0.8",
        "mime-types": "^2.1.12"
      },
      "engines": {
        "node": ">= 6"
      }
    },
    "node_modules/fsevents": {
      "version": "2.3.3",
      "resolved": "https://registry.npmjs.org/fsevents/-/fsevents-2.3.3.tgz",
      "integrity": "sha512-5xoDfX+fL7faATnagmWPpbFtwh/R77WmMMqqHGS65C3vvB0YHrgF+B1YmZ3441tMj5n63k0212XNoJwzlhffQw==",
      "hasInstallScript": true,
      "optional": true,
      "os": [
        "darwin"
      ],
      "engines": {
        "node": "^8.16.0 || ^10.6.0 || >=11.0.0"
      }
    },
    "node_modules/function-bind": {
      "version": "1.1.2",
      "resolved": "https://registry.npmjs.org/function-bind/-/function-bind-1.1.2.tgz",
      "integrity": "sha512-7XHNxH7qX9xG5mIwxkhumTox/MIRNcOgDrxWsMt2pAr23WHp6MrRlN7FBSFpCpr+oVO0F744iUgR82nJMfG2SA==",
      "funding": {
        "url": "https://github.com/sponsors/ljharb"
      }
    },
    "node_modules/hasown": {
      "version": "2.0.2",
      "resolved": "https://registry.npmjs.org/hasown/-/hasown-2.0.2.tgz",
      "integrity": "sha512-0hJU9SCPvmMzIBdZFqNPXWa6dqh7WdH0cII9y+CyS8rG3nL48Bclra9HmKhVVUHyPWNH5Y7xDwAB7bfgSjkUMQ==",
      "dependencies": {
        "function-bind": "^1.1.2"
      },
      "engines": {
        "node": ">= 0.4"
      }
    },
    "node_modules/is-core-module": {
      "version": "2.13.1",
      "resolved": "https://registry.npmjs.org/is-core-module/-/is-core-module-2.13.1.tgz",
      "integrity": "sha512-hHrIjvZsftOsvKSn2TRYl63zvxsgE0K+0mYMoH6gD4omR5IWB2KynivBQczo3+wF1cCkjzvptnI9Q0sPU66ilw==",
      "dependencies": {
        "hasown": "^2.0.0"
      },
      "funding": {
        "url": "https://github.com/sponsors/ljharb"
      }
    },
    "node_modules/magic-string": {
      "version": "0.30.8",
      "resolved": "https://registry.npmjs.org/magic-string/-/magic-string-0.30.8.tgz",
      "integrity": "sha512-ISQTe55T2ao7XtlAStud6qwYPZjE4GK1S/BeVPus4jrq6JuOnQ00YKQC581RWhR122W7msZV263KzVeLoqidyQ==",
      "dependencies": {
        "@jridgewell/sourcemap-codec": "^1.4.15"
      },
      "engines": {
        "node": ">=12"
      }
    },
    "node_modules/mime-db": {
      "version": "1.52.0",
      "resolved": "https://registry.npmjs.org/mime-db/-/mime-db-1.52.0.tgz",
      "integrity": "sha512-sPU4uV7dYlvtWJxwwxHD0PuihVNiE7TyAbQ5SWxDCB9mUYvOgroQOwYQQOKPJ8CIbE+1ETVlOoK1UC2nU3gYvg==",
      "engines": {
        "node": ">= 0.6"
      }
    },
    "node_modules/mime-types": {
      "version": "2.1.35",
      "resolved": "https://registry.npmjs.org/mime-types/-/mime-types-2.1.35.tgz",
      "integrity": "sha512-ZDY+bPm5zTTF+YpCrAU9nK0UgICYPT0QtT1NZWFv4s++TNkcgVaT0g6+4R2uI4MjQjzysHB1zxuWL50hzaeXiw==",
      "dependencies": {
        "mime-db": "1.52.0"
      },
      "engines": {
        "node": ">= 0.6"
      }
    },
    "node_modules/nanoid": {
      "version": "3.3.7",
      "resolved": "https://registry.npmjs.org/nanoid/-/nanoid-3.3.7.tgz",
      "integrity": "sha512-eSRppjcPIatRIMC1U6UngP8XFcz8MQWGQdt1MTBQ7NaAmvXDfvNxbvWV3x2y6CdEUciCSsDHDQZbhYaB8QEo2g==",
      "funding": [
        {
          "type": "github",
          "url": "https://github.com/sponsors/ai"
        }
      ],
      "bin": {
        "nanoid": "bin/nanoid.cjs"
      },
      "engines": {
        "node": "^10 || ^12 || ^13.7 || ^14 || >=15.0.1"
      }
    },
    "node_modules/path-parse": {
      "version": "1.0.7",
      "resolved": "https://registry.npmjs.org/path-parse/-/path-parse-1.0.7.tgz",
      "integrity": "sha512-LDJzPVEEEPR+y48z93A0Ed0yXb8pAByGWo/k5YYdYgpY2/2EsOsksJrq7lOHxryrVOn1ejG6oAp8ahvOIQD8sw=="
    },
    "node_modules/picocolors": {
      "version": "1.0.0",
      "resolved": "https://registry.npmjs.org/picocolors/-/picocolors-1.0.0.tgz",
      "integrity": "sha512-1fygroTLlHu66zi26VoTDv8yRgm0Fccecssto+MhsZ0D/DGW2sm8E8AjW7NU5VVTRt5GxbeZ5qBuJr+HyLYkjQ=="
    },
    "node_modules/postcss": {
      "version": "8.4.38",
      "resolved": "https://registry.npmjs.org/postcss/-/postcss-8.4.38.tgz",
      "integrity": "sha512-Wglpdk03BSfXkHoQa3b/oulrotAkwrlLDRSOb9D0bN86FdRyE9lppSp33aHNPgBa0JKCoB+drFLZkQoRRYae5A==",
      "funding": [
        {
          "type": "opencollective",
          "url": "https://opencollective.com/postcss/"
        },
        {
          "type": "tidelift",
          "url": "https://tidelift.com/funding/github/npm/postcss"
        },
        {
          "type": "github",
          "url": "https://github.com/sponsors/ai"
        }
      ],
      "dependencies": {
        "nanoid": "^3.3.7",
        "picocolors": "^1.0.0",
        "source-map-js": "^1.2.0"
      },
      "engines": {
        "node": "^10 || ^12 || >=14"
      }
    },
    "node_modules/proxy-from-env": {
      "version": "1.1.0",
      "resolved": "https://registry.npmjs.org/proxy-from-env/-/proxy-from-env-1.1.0.tgz",
      "integrity": "sha512-D+zkORCbA9f1tdWRK0RaCR3GPv50cMxcrz4X8k5LTSUD1Dkw47mKJEZQNunItRTkWwgtaUSo1RVFRIG9ZXiFYg=="
    },
    "node_modules/resolve": {
      "version": "1.22.8",
      "resolved": "https://registry.npmjs.org/resolve/-/resolve-1.22.8.tgz",
      "integrity": "sha512-oKWePCxqpd6FlLvGV1VU0x7bkPmmCNolxzjMf4NczoDnQcIWrAF+cPtZn5i6n+RfD2d9i0tzpKnG6Yk168yIyw==",
      "dependencies": {
        "is-core-module": "^2.13.0",
        "path-parse": "^1.0.7",
        "supports-preserve-symlinks-flag": "^1.0.0"
      },
      "bin": {
        "resolve": "bin/resolve"
      },
      "funding": {
        "url": "https://github.com/sponsors/ljharb"
      }
    },
    "node_modules/rollup": {
      "version": "2.79.1",
      "resolved": "https://registry.npmjs.org/rollup/-/rollup-2.79.1.tgz",
      "integrity": "sha512-uKxbd0IhMZOhjAiD5oAFp7BqvkA4Dv47qpOCtaNvng4HBwdbWtdOh8f5nZNuk2rp51PMGk3bzfWu5oayNEuYnw==",
      "bin": {
        "rollup": "dist/bin/rollup"
      },
      "engines": {
        "node": ">=10.0.0"
      },
      "optionalDependencies": {
        "fsevents": "~2.3.2"
      }
    },
    "node_modules/source-map-js": {
      "version": "1.2.0",
      "resolved": "https://registry.npmjs.org/source-map-js/-/source-map-js-1.2.0.tgz",
      "integrity": "sha512-itJW8lvSA0TXEphiRoawsCksnlf8SyvmFzIhltqAHluXd88pkCd+cXJVHTDwdCr0IzwptSm035IHQktUu1QUMg==",
      "engines": {
        "node": ">=0.10.0"
      }
    },
    "node_modules/supports-preserve-symlinks-flag": {
      "version": "1.0.0",
      "resolved": "https://registry.npmjs.org/supports-preserve-symlinks-flag/-/supports-preserve-symlinks-flag-1.0.0.tgz",
      "integrity": "sha512-ot0WnXS9fgdkgIcePe6RHNk1WA8+muPa6cSjeR3V8K27q9BB1rTE3R1p7Hv0z1ZyAc8s6Vvv8DIyWf681MAt0w==",
      "engines": {
        "node": ">= 0.4"
      },
      "funding": {
        "url": "https://github.com/sponsors/ljharb"
      }
    },
    "node_modules/vite": {
      "version": "3.2.10",
      "resolved": "https://registry.npmjs.org/vite/-/vite-3.2.10.tgz",
      "integrity": "sha512-Dx3olBo/ODNiMVk/cA5Yft9Ws+snLOXrhLtrI3F4XLt4syz2Yg8fayZMWScPKoz12v5BUv7VEmQHnsfpY80fYw==",
      "dependencies": {
        "esbuild": "^0.15.9",
        "postcss": "^8.4.18",
        "resolve": "^1.22.1",
        "rollup": "^2.79.1"
      },
      "bin": {
        "vite": "bin/vite.js"
      },
      "engines": {
        "node": "^14.18.0 || >=16.0.0"
      },
      "optionalDependencies": {
        "fsevents": "~2.3.2"
      },
      "peerDependencies": {
        "@types/node": ">= 14",
        "less": "*",
        "sass": "*",
        "stylus": "*",
        "sugarss": "*",
        "terser": "^5.4.0"
      },
      "peerDependenciesMeta": {
        "@types/node": {
          "optional": true
        },
        "less": {
          "optional": true
        },
        "sass": {
          "optional": true
        },
        "stylus": {
          "optional": true
        },
        "sugarss": {
          "optional": true
        },
        "terser": {
          "optional": true
        }
      }
    },
    "node_modules/vue": {
      "version": "3.4.21",
      "resolved": "https://registry.npmjs.org/vue/-/vue-3.4.21.tgz",
      "integrity": "sha512-5hjyV/jLEIKD/jYl4cavMcnzKwjMKohureP8ejn3hhEjwhWIhWeuzL2kJAjzl/WyVsgPY56Sy4Z40C3lVshxXA==",
      "dependencies": {
        "@vue/compiler-dom": "3.4.21",
        "@vue/compiler-sfc": "3.4.21",
        "@vue/runtime-dom": "3.4.21",
        "@vue/server-renderer": "3.4.21",
        "@vue/shared": "3.4.21"
      },
      "peerDependencies": {
        "typescript": "*"
      },
      "peerDependenciesMeta": {
        "typescript": {
          "optional": true
        }
      }
    },
    "node_modules/vuex": {
      "version": "4.1.0",
      "resolved": "https://registry.npmjs.org/vuex/-/vuex-4.1.0.tgz",
      "integrity": "sha512-hmV6UerDrPcgbSy9ORAtNXDr9M4wlNP4pEFKye4ujJF8oqgFFuxDCdOLS3eNoRTtq5O3hoBDh9Doj1bQMYHRbQ==",
      "dependencies": {
        "@vue/devtools-api": "^6.0.0-beta.11"
      },
      "peerDependencies": {
        "vue": "^3.2.0"
      }
    }
  },
  "dependencies": {
    "@babel/parser": {
      "version": "7.24.4",
      "resolved": "https://registry.npmjs.org/@babel/parser/-/parser-7.24.4.tgz",
      "integrity": "sha512-zTvEBcghmeBma9QIGunWevvBAp4/Qu9Bdq+2k0Ot4fVMD6v3dsC9WOcRSKk7tRRyBM/53yKMJko9xOatGQAwSg=="
    },
    "@esbuild/android-arm": {
      "version": "0.15.18",
      "resolved": "https://registry.npmjs.org/@esbuild/android-arm/-/android-arm-0.15.18.tgz",
      "integrity": "sha512-5GT+kcs2WVGjVs7+boataCkO5Fg0y4kCjzkB5bAip7H4jfnOS3dA6KPiww9W1OEKTKeAcUVhdZGvgI65OXmUnw==",
      "optional": true
    },
    "@esbuild/linux-loong64": {
      "version": "0.15.18",
      "resolved": "https://registry.npmjs.org/@esbuild/linux-loong64/-/linux-loong64-0.15.18.tgz",
      "integrity": "sha512-L4jVKS82XVhw2nvzLg/19ClLWg0y27ulRwuP7lcyL6AbUWB5aPglXY3M21mauDQMDfRLs8cQmeT03r/+X3cZYQ==",
      "optional": true
    },
    "@jridgewell/sourcemap-codec": {
      "version": "1.4.15",
      "resolved": "https://registry.npmjs.org/@jridgewell/sourcemap-codec/-/sourcemap-codec-1.4.15.tgz",
      "integrity": "sha512-eF2rxCRulEKXHTRiDrDy6erMYWqNw4LPdQ8UQA4huuxaQsVeRPFl2oM8oDGxMFhJUWZf9McpLtJasDDZb/Bpeg=="
    },
    "@vitejs/plugin-vue": {
      "version": "5.0.4",
      "resolved": "https://registry.npmjs.org/@vitejs/plugin-vue/-/plugin-vue-5.0.4.tgz",
      "integrity": "sha512-WS3hevEszI6CEVEx28F8RjTX97k3KsrcY6kvTg7+Whm5y3oYvcqzVeGCU3hxSAn4uY2CLCkeokkGKpoctccilQ==",
      "requires": {}
    },
    "@vue/compiler-core": {
      "version": "3.4.21",
      "resolved": "https://registry.npmjs.org/@vue/compiler-core/-/compiler-core-3.4.21.tgz",
      "integrity": "sha512-MjXawxZf2SbZszLPYxaFCjxfibYrzr3eYbKxwpLR9EQN+oaziSu3qKVbwBERj1IFIB8OLUewxB5m/BFzi613og==",
      "requires": {
        "@babel/parser": "^7.23.9",
        "@vue/shared": "3.4.21",
        "entities": "^4.5.0",
        "estree-walker": "^2.0.2",
        "source-map-js": "^1.0.2"
      }
    },
    "@vue/compiler-dom": {
      "version": "3.4.21",
      "resolved": "https://registry.npmjs.org/@vue/compiler-dom/-/compiler-dom-3.4.21.tgz",
      "integrity": "sha512-IZC6FKowtT1sl0CR5DpXSiEB5ayw75oT2bma1BEhV7RRR1+cfwLrxc2Z8Zq/RGFzJ8w5r9QtCOvTjQgdn0IKmA==",
      "requires": {
        "@vue/compiler-core": "3.4.21",
        "@vue/shared": "3.4.21"
      }
    },
    "@vue/compiler-sfc": {
      "version": "3.4.21",
      "resolved": "https://registry.npmjs.org/@vue/compiler-sfc/-/compiler-sfc-3.4.21.tgz",
      "integrity": "sha512-me7epoTxYlY+2CUM7hy9PCDdpMPfIwrOvAXud2Upk10g4YLv9UBW7kL798TvMeDhPthkZ0CONNrK2GoeI1ODiQ==",
      "requires": {
        "@babel/parser": "^7.23.9",
        "@vue/compiler-core": "3.4.21",
        "@vue/compiler-dom": "3.4.21",
        "@vue/compiler-ssr": "3.4.21",
        "@vue/shared": "3.4.21",
        "estree-walker": "^2.0.2",
        "magic-string": "^0.30.7",
        "postcss": "^8.4.35",
        "source-map-js": "^1.0.2"
      }
    },
    "@vue/compiler-ssr": {
      "version": "3.4.21",
      "resolved": "https://registry.npmjs.org/@vue/compiler-ssr/-/compiler-ssr-3.4.21.tgz",
      "integrity": "sha512-M5+9nI2lPpAsgXOGQobnIueVqc9sisBFexh5yMIMRAPYLa7+5wEJs8iqOZc1WAa9WQbx9GR2twgznU8LTIiZ4Q==",
      "requires": {
        "@vue/compiler-dom": "3.4.21",
        "@vue/shared": "3.4.21"
      }
    },
    "@vue/devtools-api": {
      "version": "6.2.1",
      "resolved": "https://registry.npmjs.org/@vue/devtools-api/-/devtools-api-6.2.1.tgz",
      "integrity": "sha512-OEgAMeQXvCoJ+1x8WyQuVZzFo0wcyCmUR3baRVLmKBo1LmYZWMlRiXlux5jd0fqVJu6PfDbOrZItVqUEzLobeQ=="
    },
    "@vue/reactivity": {
      "version": "3.4.21",
      "resolved": "https://registry.npmjs.org/@vue/reactivity/-/reactivity-3.4.21.tgz",
      "integrity": "sha512-UhenImdc0L0/4ahGCyEzc/pZNwVgcglGy9HVzJ1Bq2Mm9qXOpP8RyNTjookw/gOCUlXSEtuZ2fUg5nrHcoqJcw==",
      "requires": {
        "@vue/shared": "3.4.21"
      }
    },
    "@vue/runtime-core": {
      "version": "3.4.21",
      "resolved": "https://registry.npmjs.org/@vue/runtime-core/-/runtime-core-3.4.21.tgz",
      "integrity": "sha512-pQthsuYzE1XcGZznTKn73G0s14eCJcjaLvp3/DKeYWoFacD9glJoqlNBxt3W2c5S40t6CCcpPf+jG01N3ULyrA==",
      "requires": {
        "@vue/reactivity": "3.4.21",
        "@vue/shared": "3.4.21"
      }
    },
    "@vue/runtime-dom": {
      "version": "3.4.21",
      "resolved": "https://registry.npmjs.org/@vue/runtime-dom/-/runtime-dom-3.4.21.tgz",
      "integrity": "sha512-gvf+C9cFpevsQxbkRBS1NpU8CqxKw0ebqMvLwcGQrNpx6gqRDodqKqA+A2VZZpQ9RpK2f9yfg8VbW/EpdFUOJw==",
      "requires": {
        "@vue/runtime-core": "3.4.21",
        "@vue/shared": "3.4.21",
        "csstype": "^3.1.3"
      }
    },
    "@vue/server-renderer": {
      "version": "3.4.21",
      "resolved": "https://registry.npmjs.org/@vue/server-renderer/-/server-renderer-3.4.21.tgz",
      "integrity": "sha512-aV1gXyKSN6Rz+6kZ6kr5+Ll14YzmIbeuWe7ryJl5muJ4uwSwY/aStXTixx76TwkZFJLm1aAlA/HSWEJ4EyiMkg==",
      "requires": {
        "@vue/compiler-ssr": "3.4.21",
        "@vue/shared": "3.4.21"
      }
    },
    "@vue/shared": {
      "version": "3.4.21",
      "resolved": "https://registry.npmjs.org/@vue/shared/-/shared-3.4.21.tgz",
      "integrity": "sha512-PuJe7vDIi6VYSinuEbUIQgMIRZGgM8e4R+G+/dQTk0X1NEdvgvvgv7m+rfmDH1gZzyA1OjjoWskvHlfRNfQf3g=="
    },
    "asynckit": {
      "version": "0.4.0",
      "resolved": "https://registry.npmjs.org/asynckit/-/asynckit-0.4.0.tgz",
      "integrity": "sha512-Oei9OH4tRh0YqU3GxhX79dM/mwVgvbZJaSNaRk+bshkj0S5cfHcgYakreBjrHwatXKbz+IoIdYLxrKim2MjW0Q=="
    },
    "axios": {
      "version": "1.6.8",
      "resolved": "https://registry.npmjs.org/axios/-/axios-1.6.8.tgz",
      "integrity": "sha512-v/ZHtJDU39mDpyBoFVkETcd/uNdxrWRrg3bKpOKzXFA6Bvqopts6ALSMU3y6ijYxbw2B+wPrIv46egTzJXCLGQ==",
      "requires": {
        "follow-redirects": "^1.15.6",
        "form-data": "^4.0.0",
        "proxy-from-env": "^1.1.0"
      }
    },
    "combined-stream": {
      "version": "1.0.8",
      "resolved": "https://registry.npmjs.org/combined-stream/-/combined-stream-1.0.8.tgz",
      "integrity": "sha512-FQN4MRfuJeHf7cBbBMJFXhKSDq+2kAArBlmRBvcvFE5BB1HZKXtSFASDhdlz9zOYwxh8lDdnvmMOe/+5cdoEdg==",
      "requires": {
        "delayed-stream": "~1.0.0"
      }
    },
    "csstype": {
      "version": "3.1.3",
      "resolved": "https://registry.npmjs.org/csstype/-/csstype-3.1.3.tgz",
      "integrity": "sha512-M1uQkMl8rQK/szD0LNhtqxIPLpimGm8sOBwU7lLnCpSbTyY3yeU1Vc7l4KT5zT4s/yOxHH5O7tIuuLOCnLADRw=="
    },
    "delayed-stream": {
      "version": "1.0.0",
      "resolved": "https://registry.npmjs.org/delayed-stream/-/delayed-stream-1.0.0.tgz",
      "integrity": "sha512-ZySD7Nf91aLB0RxL4KGrKHBXl7Eds1DAmEdcoVawXnLD7SDhpNgtuII2aAkg7a7QS41jxPSZ17p4VdGnMHk3MQ=="
    },
    "entities": {
      "version": "4.5.0",
      "resolved": "https://registry.npmjs.org/entities/-/entities-4.5.0.tgz",
      "integrity": "sha512-V0hjH4dGPh9Ao5p0MoRY6BVqtwCjhz6vI5LT8AJ55H+4g9/4vbHx1I54fS0XuclLhDHArPQCiMjDxjaL8fPxhw=="
    },
    "esbuild": {
      "version": "0.15.18",
      "resolved": "https://registry.npmjs.org/esbuild/-/esbuild-0.15.18.tgz",
      "integrity": "sha512-x/R72SmW3sSFRm5zrrIjAhCeQSAWoni3CmHEqfQrZIQTM3lVCdehdwuIqaOtfC2slvpdlLa62GYoN8SxT23m6Q==",
      "requires": {
        "@esbuild/android-arm": "0.15.18",
        "@esbuild/linux-loong64": "0.15.18",
        "esbuild-android-64": "0.15.18",
        "esbuild-android-arm64": "0.15.18",
        "esbuild-darwin-64": "0.15.18",
        "esbuild-darwin-arm64": "0.15.18",
        "esbuild-freebsd-64": "0.15.18",
        "esbuild-freebsd-arm64": "0.15.18",
        "esbuild-linux-32": "0.15.18",
        "esbuild-linux-64": "0.15.18",
        "esbuild-linux-arm": "0.15.18",
        "esbuild-linux-arm64": "0.15.18",
        "esbuild-linux-mips64le": "0.15.18",
        "esbuild-linux-ppc64le": "0.15.18",
        "esbuild-linux-riscv64": "0.15.18",
        "esbuild-linux-s390x": "0.15.18",
        "esbuild-netbsd-64": "0.15.18",
        "esbuild-openbsd-64": "0.15.18",
        "esbuild-sunos-64": "0.15.18",
        "esbuild-windows-32": "0.15.18",
        "esbuild-windows-64": "0.15.18",
        "esbuild-windows-arm64": "0.15.18"
      }
    },
    "esbuild-android-64": {
      "version": "0.15.18",
      "resolved": "https://registry.npmjs.org/esbuild-android-64/-/esbuild-android-64-0.15.18.tgz",
      "integrity": "sha512-wnpt3OXRhcjfIDSZu9bnzT4/TNTDsOUvip0foZOUBG7QbSt//w3QV4FInVJxNhKc/ErhUxc5z4QjHtMi7/TbgA==",
      "optional": true
    },
    "esbuild-android-arm64": {
      "version": "0.15.18",
      "resolved": "https://registry.npmjs.org/esbuild-android-arm64/-/esbuild-android-arm64-0.15.18.tgz",
      "integrity": "sha512-G4xu89B8FCzav9XU8EjsXacCKSG2FT7wW9J6hOc18soEHJdtWu03L3TQDGf0geNxfLTtxENKBzMSq9LlbjS8OQ==",
      "optional": true
    },
    "esbuild-darwin-64": {
      "version": "0.15.18",
      "resolved": "https://registry.npmjs.org/esbuild-darwin-64/-/esbuild-darwin-64-0.15.18.tgz",
      "integrity": "sha512-2WAvs95uPnVJPuYKP0Eqx+Dl/jaYseZEUUT1sjg97TJa4oBtbAKnPnl3b5M9l51/nbx7+QAEtuummJZW0sBEmg==",
      "optional": true
    },
    "esbuild-darwin-arm64": {
      "version": "0.15.18",
      "resolved": "https://registry.npmjs.org/esbuild-darwin-arm64/-/esbuild-darwin-arm64-0.15.18.tgz",
      "integrity": "sha512-tKPSxcTJ5OmNb1btVikATJ8NftlyNlc8BVNtyT/UAr62JFOhwHlnoPrhYWz09akBLHI9nElFVfWSTSRsrZiDUA==",
      "optional": true
    },
    "esbuild-freebsd-64": {
      "version": "0.15.18",
      "resolved": "https://registry.npmjs.org/esbuild-freebsd-64/-/esbuild-freebsd-64-0.15.18.tgz",
      "integrity": "sha512-TT3uBUxkteAjR1QbsmvSsjpKjOX6UkCstr8nMr+q7zi3NuZ1oIpa8U41Y8I8dJH2fJgdC3Dj3CXO5biLQpfdZA==",
      "optional": true
    },
    "esbuild-freebsd-arm64": {
      "version": "0.15.18",
      "resolved": "https://registry.npmjs.org/esbuild-freebsd-arm64/-/esbuild-freebsd-arm64-0.15.18.tgz",
      "integrity": "sha512-R/oVr+X3Tkh+S0+tL41wRMbdWtpWB8hEAMsOXDumSSa6qJR89U0S/PpLXrGF7Wk/JykfpWNokERUpCeHDl47wA==",
      "optional": true
    },
    "esbuild-linux-32": {
      "version": "0.15.18",
      "resolved": "https://registry.npmjs.org/esbuild-linux-32/-/esbuild-linux-32-0.15.18.tgz",
      "integrity": "sha512-lphF3HiCSYtaa9p1DtXndiQEeQDKPl9eN/XNoBf2amEghugNuqXNZA/ZovthNE2aa4EN43WroO0B85xVSjYkbg==",
      "optional": true
    },
    "esbuild-linux-64": {
      "version": "0.15.18",
      "resolved": "https://registry.npmjs.org/esbuild-linux-64/-/esbuild-linux-64-0.15.18.tgz",
      "integrity": "sha512-hNSeP97IviD7oxLKFuii5sDPJ+QHeiFTFLoLm7NZQligur8poNOWGIgpQ7Qf8Balb69hptMZzyOBIPtY09GZYw==",
      "optional": true
    },
    "esbuild-linux-arm": {
      "version": "0.15.18",
      "resolved": "https://registry.npmjs.org/esbuild-linux-arm/-/esbuild-linux-arm-0.15.18.tgz",
      "integrity": "sha512-UH779gstRblS4aoS2qpMl3wjg7U0j+ygu3GjIeTonCcN79ZvpPee12Qun3vcdxX+37O5LFxz39XeW2I9bybMVA==",
      "optional": true
    },
    "esbuild-linux-arm64": {
      "version": "0.15.18",
      "resolved": "https://registry.npmjs.org/esbuild-linux-arm64/-/esbuild-linux-arm64-0.15.18.tgz",
      "integrity": "sha512-54qr8kg/6ilcxd+0V3h9rjT4qmjc0CccMVWrjOEM/pEcUzt8X62HfBSeZfT2ECpM7104mk4yfQXkosY8Quptug==",
      "optional": true
    },
    "esbuild-linux-mips64le": {
      "version": "0.15.18",
      "resolved": "https://registry.npmjs.org/esbuild-linux-mips64le/-/esbuild-linux-mips64le-0.15.18.tgz",
      "integrity": "sha512-Mk6Ppwzzz3YbMl/ZZL2P0q1tnYqh/trYZ1VfNP47C31yT0K8t9s7Z077QrDA/guU60tGNp2GOwCQnp+DYv7bxQ==",
      "optional": true
    },
    "esbuild-linux-ppc64le": {
      "version": "0.15.18",
      "resolved": "https://registry.npmjs.org/esbuild-linux-ppc64le/-/esbuild-linux-ppc64le-0.15.18.tgz",
      "integrity": "sha512-b0XkN4pL9WUulPTa/VKHx2wLCgvIAbgwABGnKMY19WhKZPT+8BxhZdqz6EgkqCLld7X5qiCY2F/bfpUUlnFZ9w==",
      "optional": true
    },
    "esbuild-linux-riscv64": {
      "version": "0.15.18",
      "resolved": "https://registry.npmjs.org/esbuild-linux-riscv64/-/esbuild-linux-riscv64-0.15.18.tgz",
      "integrity": "sha512-ba2COaoF5wL6VLZWn04k+ACZjZ6NYniMSQStodFKH/Pu6RxzQqzsmjR1t9QC89VYJxBeyVPTaHuBMCejl3O/xg==",
      "optional": true
    },
    "esbuild-linux-s390x": {
      "version": "0.15.18",
      "resolved": "https://registry.npmjs.org/esbuild-linux-s390x/-/esbuild-linux-s390x-0.15.18.tgz",
      "integrity": "sha512-VbpGuXEl5FCs1wDVp93O8UIzl3ZrglgnSQ+Hu79g7hZu6te6/YHgVJxCM2SqfIila0J3k0csfnf8VD2W7u2kzQ==",
      "optional": true
    },
    "esbuild-netbsd-64": {
      "version": "0.15.18",
      "resolved": "https://registry.npmjs.org/esbuild-netbsd-64/-/esbuild-netbsd-64-0.15.18.tgz",
      "integrity": "sha512-98ukeCdvdX7wr1vUYQzKo4kQ0N2p27H7I11maINv73fVEXt2kyh4K4m9f35U1K43Xc2QGXlzAw0K9yoU7JUjOg==",
      "optional": true
    },
    "esbuild-openbsd-64": {
      "version": "0.15.18",
      "resolved": "https://registry.npmjs.org/esbuild-openbsd-64/-/esbuild-openbsd-64-0.15.18.tgz",
      "integrity": "sha512-yK5NCcH31Uae076AyQAXeJzt/vxIo9+omZRKj1pauhk3ITuADzuOx5N2fdHrAKPxN+zH3w96uFKlY7yIn490xQ==",
      "optional": true
    },
    "esbuild-sunos-64": {
      "version": "0.15.18",
      "resolved": "https://registry.npmjs.org/esbuild-sunos-64/-/esbuild-sunos-64-0.15.18.tgz",
      "integrity": "sha512-On22LLFlBeLNj/YF3FT+cXcyKPEI263nflYlAhz5crxtp3yRG1Ugfr7ITyxmCmjm4vbN/dGrb/B7w7U8yJR9yw==",
      "optional": true
    },
    "esbuild-windows-32": {
      "version": "0.15.18",
      "resolved": "https://registry.npmjs.org/esbuild-windows-32/-/esbuild-windows-32-0.15.18.tgz",
      "integrity": "sha512-o+eyLu2MjVny/nt+E0uPnBxYuJHBvho8vWsC2lV61A7wwTWC3jkN2w36jtA+yv1UgYkHRihPuQsL23hsCYGcOQ==",
      "optional": true
    },
    "esbuild-windows-64": {
      "version": "0.15.18",
      "resolved": "https://registry.npmjs.org/esbuild-windows-64/-/esbuild-windows-64-0.15.18.tgz",
      "integrity": "sha512-qinug1iTTaIIrCorAUjR0fcBk24fjzEedFYhhispP8Oc7SFvs+XeW3YpAKiKp8dRpizl4YYAhxMjlftAMJiaUw==",
      "optional": true
    },
    "esbuild-windows-arm64": {
      "version": "0.15.18",
      "resolved": "https://registry.npmjs.org/esbuild-windows-arm64/-/esbuild-windows-arm64-0.15.18.tgz",
      "integrity": "sha512-q9bsYzegpZcLziq0zgUi5KqGVtfhjxGbnksaBFYmWLxeV/S1fK4OLdq2DFYnXcLMjlZw2L0jLsk1eGoB522WXQ==",
      "optional": true
    },
    "estree-walker": {
      "version": "2.0.2",
      "resolved": "https://registry.npmjs.org/estree-walker/-/estree-walker-2.0.2.tgz",
      "integrity": "sha512-Rfkk/Mp/DL7JVje3u18FxFujQlTNR2q6QfMSMB7AvCBx91NGj/ba3kCfza0f6dVDbw7YlRf/nDrn7pQrCCyQ/w=="
    },
    "follow-redirects": {
      "version": "1.15.6",
      "resolved": "https://registry.npmjs.org/follow-redirects/-/follow-redirects-1.15.6.tgz",
      "integrity": "sha512-wWN62YITEaOpSK584EZXJafH1AGpO8RVgElfkuXbTOrPX4fIfOyEpW/CsiNd8JdYrAoOvafRTOEnvsO++qCqFA=="
    },
    "form-data": {
      "version": "4.0.0",
      "resolved": "https://registry.npmjs.org/form-data/-/form-data-4.0.0.tgz",
      "integrity": "sha512-ETEklSGi5t0QMZuiXoA/Q6vcnxcLQP5vdugSpuAyi6SVGi2clPPp+xgEhuMaHC+zGgn31Kd235W35f7Hykkaww==",
      "requires": {
        "asynckit": "^0.4.0",
        "combined-stream": "^1.0.8",
        "mime-types": "^2.1.12"
      }
    },
    "fsevents": {
      "version": "2.3.3",
      "resolved": "https://registry.npmjs.org/fsevents/-/fsevents-2.3.3.tgz",
      "integrity": "sha512-5xoDfX+fL7faATnagmWPpbFtwh/R77WmMMqqHGS65C3vvB0YHrgF+B1YmZ3441tMj5n63k0212XNoJwzlhffQw==",
      "optional": true
    },
    "function-bind": {
      "version": "1.1.2",
      "resolved": "https://registry.npmjs.org/function-bind/-/function-bind-1.1.2.tgz",
      "integrity": "sha512-7XHNxH7qX9xG5mIwxkhumTox/MIRNcOgDrxWsMt2pAr23WHp6MrRlN7FBSFpCpr+oVO0F744iUgR82nJMfG2SA=="
    },
    "hasown": {
      "version": "2.0.2",
      "resolved": "https://registry.npmjs.org/hasown/-/hasown-2.0.2.tgz",
      "integrity": "sha512-0hJU9SCPvmMzIBdZFqNPXWa6dqh7WdH0cII9y+CyS8rG3nL48Bclra9HmKhVVUHyPWNH5Y7xDwAB7bfgSjkUMQ==",
      "requires": {
        "function-bind": "^1.1.2"
      }
    },
    "is-core-module": {
      "version": "2.13.1",
      "resolved": "https://registry.npmjs.org/is-core-module/-/is-core-module-2.13.1.tgz",
      "integrity": "sha512-hHrIjvZsftOsvKSn2TRYl63zvxsgE0K+0mYMoH6gD4omR5IWB2KynivBQczo3+wF1cCkjzvptnI9Q0sPU66ilw==",
      "requires": {
        "hasown": "^2.0.0"
      }
    },
    "magic-string": {
      "version": "0.30.8",
      "resolved": "https://registry.npmjs.org/magic-string/-/magic-string-0.30.8.tgz",
      "integrity": "sha512-ISQTe55T2ao7XtlAStud6qwYPZjE4GK1S/BeVPus4jrq6JuOnQ00YKQC581RWhR122W7msZV263KzVeLoqidyQ==",
      "requires": {
        "@jridgewell/sourcemap-codec": "^1.4.15"
      }
    },
    "mime-db": {
      "version": "1.52.0",
      "resolved": "https://registry.npmjs.org/mime-db/-/mime-db-1.52.0.tgz",
      "integrity": "sha512-sPU4uV7dYlvtWJxwwxHD0PuihVNiE7TyAbQ5SWxDCB9mUYvOgroQOwYQQOKPJ8CIbE+1ETVlOoK1UC2nU3gYvg=="
    },
    "mime-types": {
      "version": "2.1.35",
      "resolved": "https://registry.npmjs.org/mime-types/-/mime-types-2.1.35.tgz",
      "integrity": "sha512-ZDY+bPm5zTTF+YpCrAU9nK0UgICYPT0QtT1NZWFv4s++TNkcgVaT0g6+4R2uI4MjQjzysHB1zxuWL50hzaeXiw==",
      "requires": {
        "mime-db": "1.52.0"
      }
    },
    "nanoid": {
      "version": "3.3.7",
      "resolved": "https://registry.npmjs.org/nanoid/-/nanoid-3.3.7.tgz",
      "integrity": "sha512-eSRppjcPIatRIMC1U6UngP8XFcz8MQWGQdt1MTBQ7NaAmvXDfvNxbvWV3x2y6CdEUciCSsDHDQZbhYaB8QEo2g=="
    },
    "path-parse": {
      "version": "1.0.7",
      "resolved": "https://registry.npmjs.org/path-parse/-/path-parse-1.0.7.tgz",
      "integrity": "sha512-LDJzPVEEEPR+y48z93A0Ed0yXb8pAByGWo/k5YYdYgpY2/2EsOsksJrq7lOHxryrVOn1ejG6oAp8ahvOIQD8sw=="
    },
    "picocolors": {
      "version": "1.0.0",
      "resolved": "https://registry.npmjs.org/picocolors/-/picocolors-1.0.0.tgz",
      "integrity": "sha512-1fygroTLlHu66zi26VoTDv8yRgm0Fccecssto+MhsZ0D/DGW2sm8E8AjW7NU5VVTRt5GxbeZ5qBuJr+HyLYkjQ=="
    },
    "postcss": {
      "version": "8.4.38",
      "resolved": "https://registry.npmjs.org/postcss/-/postcss-8.4.38.tgz",
      "integrity": "sha512-Wglpdk03BSfXkHoQa3b/oulrotAkwrlLDRSOb9D0bN86FdRyE9lppSp33aHNPgBa0JKCoB+drFLZkQoRRYae5A==",
      "requires": {
        "nanoid": "^3.3.7",
        "picocolors": "^1.0.0",
        "source-map-js": "^1.2.0"
      }
    },
    "proxy-from-env": {
      "version": "1.1.0",
      "resolved": "https://registry.npmjs.org/proxy-from-env/-/proxy-from-env-1.1.0.tgz",
      "integrity": "sha512-D+zkORCbA9f1tdWRK0RaCR3GPv50cMxcrz4X8k5LTSUD1Dkw47mKJEZQNunItRTkWwgtaUSo1RVFRIG9ZXiFYg=="
    },
    "resolve": {
      "version": "1.22.8",
      "resolved": "https://registry.npmjs.org/resolve/-/resolve-1.22.8.tgz",
      "integrity": "sha512-oKWePCxqpd6FlLvGV1VU0x7bkPmmCNolxzjMf4NczoDnQcIWrAF+cPtZn5i6n+RfD2d9i0tzpKnG6Yk168yIyw==",
      "requires": {
        "is-core-module": "^2.13.0",
        "path-parse": "^1.0.7",
        "supports-preserve-symlinks-flag": "^1.0.0"
      }
    },
    "rollup": {
      "version": "2.79.1",
      "resolved": "https://registry.npmjs.org/rollup/-/rollup-2.79.1.tgz",
      "integrity": "sha512-uKxbd0IhMZOhjAiD5oAFp7BqvkA4Dv47qpOCtaNvng4HBwdbWtdOh8f5nZNuk2rp51PMGk3bzfWu5oayNEuYnw==",
      "requires": {
        "fsevents": "~2.3.2"
      }
    },
    "source-map-js": {
      "version": "1.2.0",
      "resolved": "https://registry.npmjs.org/source-map-js/-/source-map-js-1.2.0.tgz",
      "integrity": "sha512-itJW8lvSA0TXEphiRoawsCksnlf8SyvmFzIhltqAHluXd88pkCd+cXJVHTDwdCr0IzwptSm035IHQktUu1QUMg=="
    },
    "supports-preserve-symlinks-flag": {
      "version": "1.0.0",
      "resolved": "https://registry.npmjs.org/supports-preserve-symlinks-flag/-/supports-preserve-symlinks-flag-1.0.0.tgz",
      "integrity": "sha512-ot0WnXS9fgdkgIcePe6RHNk1WA8+muPa6cSjeR3V8K27q9BB1rTE3R1p7Hv0z1ZyAc8s6Vvv8DIyWf681MAt0w=="
    },
    "vite": {
      "version": "3.2.10",
      "resolved": "https://registry.npmjs.org/vite/-/vite-3.2.10.tgz",
      "integrity": "sha512-Dx3olBo/ODNiMVk/cA5Yft9Ws+snLOXrhLtrI3F4XLt4syz2Yg8fayZMWScPKoz12v5BUv7VEmQHnsfpY80fYw==",
      "requires": {
        "esbuild": "^0.15.9",
        "fsevents": "~2.3.2",
        "postcss": "^8.4.18",
        "resolve": "^1.22.1",
        "rollup": "^2.79.1"
      }
    },
    "vue": {
      "version": "3.4.21",
      "resolved": "https://registry.npmjs.org/vue/-/vue-3.4.21.tgz",
      "integrity": "sha512-5hjyV/jLEIKD/jYl4cavMcnzKwjMKohureP8ejn3hhEjwhWIhWeuzL2kJAjzl/WyVsgPY56Sy4Z40C3lVshxXA==",
      "requires": {
        "@vue/compiler-dom": "3.4.21",
        "@vue/compiler-sfc": "3.4.21",
        "@vue/runtime-dom": "3.4.21",
        "@vue/server-renderer": "3.4.21",
        "@vue/shared": "3.4.21"
      }
    },
    "vuex": {
      "version": "4.1.0",
      "resolved": "https://registry.npmjs.org/vuex/-/vuex-4.1.0.tgz",
      "integrity": "sha512-hmV6UerDrPcgbSy9ORAtNXDr9M4wlNP4pEFKye4ujJF8oqgFFuxDCdOLS3eNoRTtq5O3hoBDh9Doj1bQMYHRbQ==",
      "requires": {
        "@vue/devtools-api": "^6.0.0-beta.11"
      }
    }
  }
}
